
Microsoft Visual Studio Solution File, Format Version 12.00
# Visual Studio 14
VisualStudioVersion = 14.0.25420.1
MinimumVisualStudioVersion = 10.0.40219.1
Project("{FAE04EC0-301F-11D3-BF4B-00C04F79EFBC}") = "ABadRestAPI-IQVIA", "ABadRestAPI-IQVIA\ABadRestAPI-IQVIA.csproj", "{529AAA1D-C5DA-43CD-9D6E-86986123F902}"
EndProject
Project("{FAE04EC0-301F-11D3-BF4B-00C04F79EFBC}") = "ABadRestAPI-IQVIA-Test", "ABadRestAPI-IQVIA-Test\ABadRestAPI-IQVIA-Test.csproj", "{2CB252C2-9A1E-4B01-B6C1-6EB0A30F24CD}"
EndProject
Global
	GlobalSection(SolutionConfigurationPlatforms) = preSolution
		Debug|Any CPU = Debug|Any CPU
		Release|Any CPU = Release|Any CPU
	EndGlobalSection
	GlobalSection(ProjectConfigurationPlatforms) = postSolution
		{529AAA1D-C5DA-43CD-9D6E-86986123F902}.Debug|Any CPU.ActiveCfg = Debug|Any CPU
		{529AAA1D-C5DA-43CD-9D6E-86986123F902}.Debug|Any CPU.Build.0 = Debug|Any CPU
		{529AAA1D-C5DA-43CD-9D6E-86986123F902}.Release|Any CPU.ActiveCfg = Release|Any CPU
		{529AAA1D-C5DA-43CD-9D6E-86986123F902}.Release|Any CPU.Build.0 = Release|Any CPU
		{2CB252C2-9A1E-4B01-B6C1-6EB0A30F24CD}.Debug|Any CPU.ActiveCfg = Debug|Any CPU
		{2CB252C2-9A1E-4B01-B6C1-6EB0A30F24CD}.Debug|Any CPU.Build.0 = Debug|Any CPU
		{2CB252C2-9A1E-4B01-B6C1-6EB0A30F24CD}.Release|Any CPU.ActiveCfg = Release|Any CPU
		{2CB252C2-9A1E-4B01-B6C1-6EB0A30F24CD}.Release|Any CPU.Build.0 = Release|Any CPU
	EndGlobalSection
	GlobalSection(SolutionProperties) = preSolution
		HideSolutionNode = FALSE
	EndGlobalSection
EndGlobal
